// !$*UTF8*$!
{
	archiveVersion = 1;
	classes = {
	};
	objectVersion = 48;
	objects = {

/* Begin PBXBuildFile section */
		4A2CEFCD1FECAA00008628AC /* AppDelegate.swift in Sources */ = {isa = PBXBuildFile; fileRef = 4A2CEFCC1FECAA00008628AC /* AppDelegate.swift */; };
		4A2CEFCF1FECAA00008628AC /* ViewController.swift in Sources */ = {isa = PBXBuildFile; fileRef = 4A2CEFCE1FECAA00008628AC /* ViewController.swift */; };
		4A2CEFD21FECAA01008628AC /* Main.storyboard in Resources */ = {isa = PBXBuildFile; fileRef = 4A2CEFD01FECAA01008628AC /* Main.storyboard */; };
		4A2CEFD41FECAA01008628AC /* Assets.xcassets in Resources */ = {isa = PBXBuildFile; fileRef = 4A2CEFD31FECAA01008628AC /* Assets.xcassets */; };
		4A2CEFD71FECAA01008628AC /* LaunchScreen.storyboard in Resources */ = {isa = PBXBuildFile; fileRef = 4A2CEFD51FECAA01008628AC /* LaunchScreen.storyboard */; };
		4AB0D8E31FECC81E0099890A /* OAuthClient.framework in Frameworks */ = {isa = PBXBuildFile; fileRef = 4AB0D8E41FECC81E0099890A /* OAuthClient.framework */; };
		4AB0D8E61FECC8650099890A /* OAuthClient.framework in Embed Frameworks */ = {isa = PBXBuildFile; fileRef = 4AB0D8E41FECC81E0099890A /* OAuthClient.framework */; settings = {ATTRIBUTES = (CodeSignOnCopy, RemoveHeadersOnCopy, ); }; };
		4AF3B5391FECCA6D007C81A8 /* provider.plist in Resources */ = {isa = PBXBuildFile; fileRef = 4AF3B5381FECCA6D007C81A8 /* provider.plist */; };
/* End PBXBuildFile section */

/* Begin PBXCopyFilesBuildPhase section */
		4A2CEFE81FECABF8008628AC /* Embed Frameworks */ = {
			isa = PBXCopyFilesBuildPhase;
			buildActionMask = 2147483647;
			dstPath = "";
			dstSubfolderSpec = 10;
			files = (
				4AB0D8E61FECC8650099890A /* OAuthClient.framework in Embed Frameworks */,
			);
			name = "Embed Frameworks";
			runOnlyForDeploymentPostprocessing = 0;
		};
/* End PBXCopyFilesBuildPhase section */

/* Begin PBXFileReference section */
		4A2CEFC91FECAA00008628AC /* OAuthClientDemo-iOS.app */ = {isa = PBXFileReference; explicitFileType = wrapper.application; includeInIndex = 0; path = "OAuthClientDemo-iOS.app"; sourceTree = BUILT_PRODUCTS_DIR; };
		4A2CEFCC1FECAA00008628AC /* AppDelegate.swift */ = {isa = PBXFileReference; lastKnownFileType = sourcecode.swift; path = AppDelegate.swift; sourceTree = "<group>"; };
		4A2CEFCE1FECAA00008628AC /* ViewController.swift */ = {isa = PBXFileReference; lastKnownFileType = sourcecode.swift; path = ViewController.swift; sourceTree = "<group>"; };
		4A2CEFD11FECAA01008628AC /* Base */ = {isa = PBXFileReference; lastKnownFileType = file.storyboard; name = Base; path = Base.lproj/Main.storyboard; sourceTree = "<group>"; };
		4A2CEFD31FECAA01008628AC /* Assets.xcassets */ = {isa = PBXFileReference; lastKnownFileType = folder.assetcatalog; path = Assets.xcassets; sourceTree = "<group>"; };
		4A2CEFD61FECAA01008628AC /* Base */ = {isa = PBXFileReference; lastKnownFileType = file.storyboard; name = Base; path = Base.lproj/LaunchScreen.storyboard; sourceTree = "<group>"; };
		4A2CEFD81FECAA01008628AC /* Info.plist */ = {isa = PBXFileReference; lastKnownFileType = text.plist.xml; path = Info.plist; sourceTree = "<group>"; };
		4AB0D8E41FECC81E0099890A /* OAuthClient.framework */ = {isa = PBXFileReference; explicitFileType = wrapper.framework; path = OAuthClient.framework; sourceTree = BUILT_PRODUCTS_DIR; };
		4AF3B5381FECCA6D007C81A8 /* provider.plist */ = {isa = PBXFileReference; lastKnownFileType = text.plist.xml; path = provider.plist; sourceTree = "<group>"; };
/* End PBXFileReference section */

/* Begin PBXFrameworksBuildPhase section */
		4A2CEFC61FECAA00008628AC /* Frameworks */ = {
			isa = PBXFrameworksBuildPhase;
			buildActionMask = 2147483647;
			files = (
				4AB0D8E31FECC81E0099890A /* OAuthClient.framework in Frameworks */,
			);
			runOnlyForDeploymentPostprocessing = 0;
		};
/* End PBXFrameworksBuildPhase section */

/* Begin PBXGroup section */
		4A2CEFC01FECAA00008628AC = {
			isa = PBXGroup;
			children = (
				4A2CEFCB1FECAA00008628AC /* OAuthClientDemo-iOS */,
				4A2CEFCA1FECAA00008628AC /* Products */,
				4A2CEFDE1FECAA56008628AC /* Frameworks */,
			);
			sourceTree = "<group>";
		};
		4A2CEFCA1FECAA00008628AC /* Products */ = {
			isa = PBXGroup;
			children = (
				4A2CEFC91FECAA00008628AC /* OAuthClientDemo-iOS.app */,
			);
			name = Products;
			sourceTree = "<group>";
		};
		4A2CEFCB1FECAA00008628AC /* OAuthClientDemo-iOS */ = {
			isa = PBXGroup;
			children = (
				4A2CEFCC1FECAA00008628AC /* AppDelegate.swift */,
				4A2CEFCE1FECAA00008628AC /* ViewController.swift */,
				4A2CEFD01FECAA01008628AC /* Main.storyboard */,
				4A2CEFD31FECAA01008628AC /* Assets.xcassets */,
				4A2CEFD51FECAA01008628AC /* LaunchScreen.storyboard */,
				4A2CEFD81FECAA01008628AC /* Info.plist */,
				4AF3B5381FECCA6D007C81A8 /* provider.plist */,
			);
			path = "OAuthClientDemo-iOS";
			sourceTree = "<group>";
		};
		4A2CEFDE1FECAA56008628AC /* Frameworks */ = {
			isa = PBXGroup;
			children = (
				4AB0D8E41FECC81E0099890A /* OAuthClient.framework */,
			);
			name = Frameworks;
			sourceTree = "<group>";
		};
/* End PBXGroup section */

/* Begin PBXNativeTarget section */
		4A2CEFC81FECAA00008628AC /* OAuthClientDemo-iOS */ = {
			isa = PBXNativeTarget;
			buildConfigurationList = 4A2CEFDB1FECAA01008628AC /* Build configuration list for PBXNativeTarget "OAuthClientDemo-iOS" */;
			buildPhases = (
				4A2CEFC51FECAA00008628AC /* Sources */,
				4A2CEFC61FECAA00008628AC /* Frameworks */,
				4A2CEFC71FECAA00008628AC /* Resources */,
				4A2CEFE81FECABF8008628AC /* Embed Frameworks */,
			);
			buildRules = (
			);
			dependencies = (
			);
			name = "OAuthClientDemo-iOS";
			productName = "OAuthClientDemo-iOS";
			productReference = 4A2CEFC91FECAA00008628AC /* OAuthClientDemo-iOS.app */;
			productType = "com.apple.product-type.application";
		};
/* End PBXNativeTarget section */

/* Begin PBXProject section */
		4A2CEFC11FECAA00008628AC /* Project object */ = {
			isa = PBXProject;
			attributes = {
				LastSwiftUpdateCheck = 0920;
				LastUpgradeCheck = 0920;
				ORGANIZATIONNAME = ysn551;
				TargetAttributes = {
					4A2CEFC81FECAA00008628AC = {
						CreatedOnToolsVersion = 9.2;
						ProvisioningStyle = Automatic;
					};
				};
			};
			buildConfigurationList = 4A2CEFC41FECAA00008628AC /* Build configuration list for PBXProject "OAuthClientDemo-iOS" */;
			compatibilityVersion = "Xcode 8.0";
			developmentRegion = en;
			hasScannedForEncodings = 0;
			knownRegions = (
				en,
				Base,
			);
			mainGroup = 4A2CEFC01FECAA00008628AC;
			productRefGroup = 4A2CEFCA1FECAA00008628AC /* Products */;
			projectDirPath = "";
			projectRoot = "";
			targets = (
				4A2CEFC81FECAA00008628AC /* OAuthClientDemo-iOS */,
			);
		};
/* End PBXProject section */

/* Begin PBXResourcesBuildPhase section */
		4A2CEFC71FECAA00008628AC /* Resources */ = {
			isa = PBXResourcesBuildPhase;
			buildActionMask = 2147483647;
			files = (
				4A2CEFD71FECAA01008628AC /* LaunchScreen.storyboard in Resources */,
				4A2CEFD41FECAA01008628AC /* Assets.xcassets in Resources */,
				4A2CEFD21FECAA01008628AC /* Main.storyboard in Resources */,
				4AF3B5391FECCA6D007C81A8 /* provider.plist in Resources */,
			);
			runOnlyForDeploymentPostprocessing = 0;
		};
/* End PBXResourcesBuildPhase section */

/* Begin PBXSourcesBuildPhase section */
		4A2CEFC51FECAA00008628AC /* Sources */ = {
			isa = PBXSourcesBuildPhase;
			buildActionMask = 2147483647;
			files = (
				4A2CEFCF1FECAA00008628AC /* ViewController.swift in Sources */,
				4A2CEFCD1FECAA00008628AC /* AppDelegate.swift in Sources */,
			);
			runOnlyForDeploymentPostprocessing = 0;
		};
/* End PBXSourcesBuildPhase section */

/* Begin PBXVariantGroup section */
		4A2CEFD01FECAA01008628AC /* Main.storyboard */ = {
			isa = PBXVariantGroup;
			children = (
				4A2CEFD11FECAA01008628AC /* Base */,
			);
			name = Main.storyboard;
			sourceTree = "<group>";
		};
		4A2CEFD51FECAA01008628AC /* LaunchScreen.storyboard */ = {
			isa = PBXVariantGroup;
			children = (
				4A2CEFD61FECAA01008628AC /* Base */,
			);
			name = LaunchScreen.storyboard;
			sourceTree = "<group>";
		};
/* End PBXVariantGroup section */

/* Begin XCBuildConfiguration section */
		4A2CEFD91FECAA01008628AC /* Debug */ = {
			isa = XCBuildConfiguration;
			buildSettings = {
				ALWAYS_SEARCH_USER_PATHS = NO;
				CLANG_ANALYZER_NONNULL = YES;
				CLANG_ANALYZER_NUMBER_OBJECT_CONVERSION = YES_AGGRESSIVE;
				CLANG_CXX_LANGUAGE_STANDARD = "gnu++14";
				CLANG_CXX_LIBRARY = "libc++";
				CLANG_ENABLE_MODULES = YES;
				CLANG_ENABLE_OBJC_ARC = YES;
				CLANG_WARN_BLOCK_CAPTURE_AUTORELEASING = YES;
				CLANG_WARN_BOOL_CONVERSION = YES;
				CLANG_WARN_COMMA = YES;
				CLANG_WARN_CONSTANT_CONVERSION = YES;
				CLANG_WARN_DIRECT_OBJC_ISA_USAGE = YES_ERROR;
				CLANG_WARN_DOCUMENTATION_COMMENTS = YES;
				CLANG_WARN_EMPTY_BODY = YES;
				CLANG_WARN_ENUM_CONVERSION = YES;
				CLANG_WARN_INFINITE_RECURSION = YES;
				CLANG_WARN_INT_CONVERSION = YES;
				CLANG_WARN_NON_LITERAL_NULL_CONVERSION = YES;
				CLANG_WARN_OBJC_LITERAL_CONVERSION = YES;
				CLANG_WARN_OBJC_ROOT_CLASS = YES_ERROR;
				CLANG_WARN_RANGE_LOOP_ANALYSIS = YES;
				CLANG_WARN_STRICT_PROTOTYPES = YES;
				CLANG_WARN_SUSPICIOUS_MOVE = YES;
				CLANG_WARN_UNGUARDED_AVAILABILITY = YES_AGGRESSIVE;
				CLANG_WARN_UNREACHABLE_CODE = YES;
				CLANG_WARN__DUPLICATE_METHOD_MATCH = YES;
				CODE_SIGN_IDENTITY = "iPhone Developer";
				COPY_PHASE_STRIP = NO;
				DEBUG_INFORMATION_FORMAT = dwarf;
				ENABLE_STRICT_OBJC_MSGSEND = YES;
				ENABLE_TESTABILITY = YES;
				GCC_C_LANGUAGE_STANDARD = gnu11;
				GCC_DYNAMIC_NO_PIC = NO;
				GCC_NO_COMMON_BLOCKS = YES;
				GCC_OPTIMIZATION_LEVEL = 0;
				GCC_PREPROCESSOR_DEFINITIONS = (
					"DEBUG=1",
					"$(inherited)",
				);
				GCC_WARN_64_TO_32_BIT_CONVERSION = YES;
				GCC_WARN_ABOUT_RETURN_TYPE = YES_ERROR;
				GCC_WARN_UNDECLARED_SELECTOR = YES;
				GCC_WARN_UNINITIALIZED_AUTOS = YES_AGGRESSIVE;
				GCC_WARN_UNUSED_FUNCTION = YES;
				GCC_WARN_UNUSED_VARIABLE = YES;
				IPHONEOS_DEPLOYMENT_TARGET = 11.2;
				MTL_ENABLE_DEBUG_INFO = YES;
				ONLY_ACTIVE_ARCH = YES;
				SDKROOT = iphoneos;
				SWIFT_ACTIVE_COMPILATION_CONDITIONS = DEBUG;
				SWIFT_OPTIMIZATION_LEVEL = "-Onone";
			};
			name = Debug;
		};
		4A2CEFDA1FECAA01008628AC /* Release */ = {
			isa = XCBuildConfiguration;
			buildSettings = {
				ALWAYS_SEARCH_USER_PATHS = NO;
				CLANG_ANALYZER_NONNULL = YES;
				CLANG_ANALYZER_NUMBER_OBJECT_CONVERSION = YES_AGGRESSIVE;
				CLANG_CXX_LANGUAGE_STANDARD = "gnu++14";
				CLANG_CXX_LIBRARY = "libc++";
				CLANG_ENABLE_MODULES = YES;
				CLANG_ENABLE_OBJC_ARC = YES;
				CLANG_WARN_BLOCK_CAPTURE_AUTORELEASING = YES;
				CLANG_WARN_BOOL_CONVERSION = YES;
				CLANG_WARN_COMMA = YES;
				CLANG_WARN_CONSTANT_CONVERSION = YES;
				CLANG_WARN_DIRECT_OBJC_ISA_USAGE = YES_ERROR;
				CLANG_WARN_DOCUMENTATION_COMMENTS = YES;
				CLANG_WARN_EMPTY_BODY = YES;
				CLANG_WARN_ENUM_CONVERSION = YES;
				CLANG_WARN_INFINITE_RECURSION = YES;
				CLANG_WARN_INT_CONVERSION = YES;
				CLANG_WARN_NON_LITERAL_NULL_CONVERSION = YES;
				CLANG_WARN_OBJC_LITERAL_CONVERSION = YES;
				CLANG_WARN_OBJC_ROOT_CLASS = YES_ERROR;
				CLANG_WARN_RANGE_LOOP_ANALYSIS = YES;
				CLANG_WARN_STRICT_PROTOTYPES = YES;
				CLANG_WARN_SUSPICIOUS_MOVE = YES;
				CLANG_WARN_UNGUARDED_AVAILABILITY = YES_AGGRESSIVE;
				CLANG_WARN_UNREACHABLE_CODE = YES;
				CLANG_WARN__DUPLICATE_METHOD_MATCH = YES;
				CODE_SIGN_IDENTITY = "iPhone Developer";
				COPY_PHASE_STRIP = NO;
				DEBUG_INFORMATION_FORMAT = "dwarf-with-dsym";
				ENABLE_NS_ASSERTIONS = NO;
				ENABLE_STRICT_OBJC_MSGSEND = YES;
				GCC_C_LANGUAGE_STANDARD = gnu11;
				GCC_NO_COMMON_BLOCKS = YES;
				GCC_WARN_64_TO_32_BIT_CONVERSION = YES;
				GCC_WARN_ABOUT_RETURN_TYPE = YES_ERROR;
				GCC_WARN_UNDECLARED_SELECTOR = YES;
				GCC_WARN_UNINITIALIZED_AUTOS = YES_AGGRESSIVE;
				GCC_WARN_UNUSED_FUNCTION = YES;
				GCC_WARN_UNUSED_VARIABLE = YES;
				IPHONEOS_DEPLOYMENT_TARGET = 11.2;
				MTL_ENABLE_DEBUG_INFO = NO;
				SDKROOT = iphoneos;
				SWIFT_OPTIMIZATION_LEVEL = "-Owholemodule";
				VALIDATE_PRODUCT = YES;
			};
			name = Release;
		};
		4A2CEFDC1FECAA01008628AC /* Debug */ = {
			isa = XCBuildConfiguration;
			buildSettings = {
				ASSETCATALOG_COMPILER_APPICON_NAME = AppIcon;
				CODE_SIGN_STYLE = Automatic;
				INFOPLIST_FILE = "OAuthClientDemo-iOS/Info.plist";
				LD_RUNPATH_SEARCH_PATHS = "$(inherited) @executable_path/Frameworks";
				PRODUCT_BUNDLE_IDENTIFIER = jp.ysn551.OAuthClientDemo;
				PRODUCT_NAME = "$(TARGET_NAME)";
				SWIFT_VERSION = 4.0;
				TARGETED_DEVICE_FAMILY = "1,2";
			};
			name = Debug;
		};
		4A2CEFDD1FECAA01008628AC /* Release */ = {
			isa = XCBuildConfiguration;
			buildSettings = {
				ASSETCATALOG_COMPILER_APPICON_NAME = AppIcon;
				CODE_SIGN_STYLE = Automatic;
				INFOPLIST_FILE = "OAuthClientDemo-iOS/Info.plist";
				LD_RUNPATH_SEARCH_PATHS = "$(inherited) @executable_path/Frameworks";
				PRODUCT_BUNDLE_IDENTIFIER = jp.ysn551.OAuthClientDemo;
				PRODUCT_NAME = "$(TARGET_NAME)";
				SWIFT_VERSION = 4.0;
				TARGETED_DEVICE_FAMILY = "1,2";
			};
			name = Release;
		};
/* End XCBuildConfiguration section */

/* Begin XCConfigurationList section */
		4A2CEFC41FECAA00008628AC /* Build configuration list for PBXProject "OAuthClientDemo-iOS" */ = {
			isa = XCConfigurationList;
			buildConfigurations = (
				4A2CEFD91FECAA01008628AC /* Debug */,
				4A2CEFDA1FECAA01008628AC /* Release */,
			);
			defaultConfigurationIsVisible = 0;
			defaultConfigurationName = Release;
		};
		4A2CEFDB1FECAA01008628AC /* Build configuration list for PBXNativeTarget "OAuthClientDemo-iOS" */ = {
			isa = XCConfigurationList;
			buildConfigurations = (
				4A2CEFDC1FECAA01008628AC /* Debug */,
				4A2CEFDD1FECAA01008628AC /* Release */,
			);
			defaultConfigurationIsVisible = 0;
			defaultConfigurationName = Release;
		};
/* End XCConfigurationList section */
	};
	rootObject = 4A2CEFC11FECAA00008628AC /* Project object */;
}
